
Microsoft Visual Studio Solution File, Format Version 12.00
# Visual Studio Version 17
VisualStudioVersion = 17.7.34031.279
MinimumVisualStudioVersion = 10.0.40219.1
Project("{FAE04EC0-301F-11D3-BF4B-00C04F79EFBC}") = "quarto", "quarto\quarto.csproj", "{A00CD72C-910D-4F0A-BA4D-B24F724BB535}"
EndProject
Global
	GlobalSection(SolutionConfigurationPlatforms) = preSolution
		Debug|Any CPU = Debug|Any CPU
		Release|Any CPU = Release|Any CPU
	EndGlobalSection
	GlobalSection(ProjectConfigurationPlatforms) = postSolution
		{A00CD72C-910D-4F0A-BA4D-B24F724BB535}.Debug|Any CPU.ActiveCfg = Debug|Any CPU
		{A00CD72C-910D-4F0A-BA4D-B24F724BB535}.Debug|Any CPU.Build.0 = Debug|Any CPU
		{A00CD72C-910D-4F0A-BA4D-B24F724BB535}.Release|Any CPU.ActiveCfg = Release|Any CPU
		{A00CD72C-910D-4F0A-BA4D-B24F724BB535}.Release|Any CPU.Build.0 = Release|Any CPU
	EndGlobalSection
	GlobalSection(SolutionProperties) = preSolution
		HideSolutionNode = FALSE
	EndGlobalSection
	GlobalSection(ExtensibilityGlobals) = postSolution
		SolutionGuid = {50B10B7A-F82F-4351-81F5-FA1683DA7883}
	EndGlobalSection
EndGlobal
