
Microsoft Visual Studio Solution File, Format Version 12.00
# Visual Studio Version 17
VisualStudioVersion = 17.7.34031.279
MinimumVisualStudioVersion = 10.0.40219.1
Project("{FAE04EC0-301F-11D3-BF4B-00C04F79EFBC}") = "terceiro", "terceiro\terceiro.csproj", "{04492979-0952-4660-A378-B90C1B1F02E2}"
EndProject
Global
	GlobalSection(SolutionConfigurationPlatforms) = preSolution
		Debug|Any CPU = Debug|Any CPU
		Release|Any CPU = Release|Any CPU
	EndGlobalSection
	GlobalSection(ProjectConfigurationPlatforms) = postSolution
		{04492979-0952-4660-A378-B90C1B1F02E2}.Debug|Any CPU.ActiveCfg = Debug|Any CPU
		{04492979-0952-4660-A378-B90C1B1F02E2}.Debug|Any CPU.Build.0 = Debug|Any CPU
		{04492979-0952-4660-A378-B90C1B1F02E2}.Release|Any CPU.ActiveCfg = Release|Any CPU
		{04492979-0952-4660-A378-B90C1B1F02E2}.Release|Any CPU.Build.0 = Release|Any CPU
	EndGlobalSection
	GlobalSection(SolutionProperties) = preSolution
		HideSolutionNode = FALSE
	EndGlobalSection
	GlobalSection(ExtensibilityGlobals) = postSolution
		SolutionGuid = {E3F5D4C3-4F5D-462E-8FFE-800CAE9F765D}
	EndGlobalSection
EndGlobal
